
Microsoft Visual Studio Solution File, Format Version 12.00
# Visual Studio 14
VisualStudioVersion = 14.0.25420.1
MinimumVisualStudioVersion = 10.0.40219.1
Project("{FAE04EC0-301F-11D3-BF4B-00C04F79EFBC}") = "Web", "Web\Web.csproj", "{3785B516-C659-4930-BEB2-13E04973B6BC}"
EndProject
Project("{FAE04EC0-301F-11D3-BF4B-00C04F79EFBC}") = "Resources", "Resources\Resources.csproj", "{B08EEC4C-3996-4970-ABE0-799C926E7735}"
EndProject
Project("{FAE04EC0-301F-11D3-BF4B-00C04F79EFBC}") = "ResourcesTests", "ResourcesTests\ResourcesTests.csproj", "{B236993C-CDAF-4E43-8B03-2CAAAF32F382}"
EndProject
Global
	GlobalSection(SolutionConfigurationPlatforms) = preSolution
		Debug|Any CPU = Debug|Any CPU
		Release|Any CPU = Release|Any CPU
	EndGlobalSection
	GlobalSection(ProjectConfigurationPlatforms) = postSolution
		{3785B516-C659-4930-BEB2-13E04973B6BC}.Debug|Any CPU.ActiveCfg = Debug|Any CPU
		{3785B516-C659-4930-BEB2-13E04973B6BC}.Debug|Any CPU.Build.0 = Debug|Any CPU
		{3785B516-C659-4930-BEB2-13E04973B6BC}.Release|Any CPU.ActiveCfg = Release|Any CPU
		{3785B516-C659-4930-BEB2-13E04973B6BC}.Release|Any CPU.Build.0 = Release|Any CPU
		{B08EEC4C-3996-4970-ABE0-799C926E7735}.Debug|Any CPU.ActiveCfg = Debug|Any CPU
		{B08EEC4C-3996-4970-ABE0-799C926E7735}.Debug|Any CPU.Build.0 = Debug|Any CPU
		{B08EEC4C-3996-4970-ABE0-799C926E7735}.Release|Any CPU.ActiveCfg = Release|Any CPU
		{B08EEC4C-3996-4970-ABE0-799C926E7735}.Release|Any CPU.Build.0 = Release|Any CPU
		{B236993C-CDAF-4E43-8B03-2CAAAF32F382}.Debug|Any CPU.ActiveCfg = Debug|Any CPU
		{B236993C-CDAF-4E43-8B03-2CAAAF32F382}.Debug|Any CPU.Build.0 = Debug|Any CPU
		{B236993C-CDAF-4E43-8B03-2CAAAF32F382}.Release|Any CPU.ActiveCfg = Release|Any CPU
		{B236993C-CDAF-4E43-8B03-2CAAAF32F382}.Release|Any CPU.Build.0 = Release|Any CPU
	EndGlobalSection
	GlobalSection(SolutionProperties) = preSolution
		HideSolutionNode = FALSE
	EndGlobalSection
EndGlobal
